
Microsoft Visual Studio Solution File, Format Version 12.00
# Visual Studio 14
VisualStudioVersion = 14.0.25420.1
MinimumVisualStudioVersion = 10.0.40219.1
Project("{FAE04EC0-301F-11D3-BF4B-00C04F79EFBC}") = "DataAccess", "DataAccess\DataAccess.csproj", "{80343FFC-3815-4BA9-AC7D-E50ABD748807}"
EndProject
Project("{FAE04EC0-301F-11D3-BF4B-00C04F79EFBC}") = "DataAccess.Test", "DataAccess.Test\DataAccess.Test.csproj", "{639CADAA-BA38-4F2C-89F8-E34D328F59EB}"
EndProject
Project("{FAE04EC0-301F-11D3-BF4B-00C04F79EFBC}") = "Models", "Models\Models.csproj", "{DB15B917-508A-450E-A6C8-AEC6C6B81969}"
EndProject
Project("{2150E333-8FDC-42A3-9474-1A3956D46DE8}") = "Test", "Test", "{60FD140D-FB74-40F1-81AC-406287AC7408}"
EndProject
Global
	GlobalSection(SolutionConfigurationPlatforms) = preSolution
		Debug|Any CPU = Debug|Any CPU
		Release|Any CPU = Release|Any CPU
	EndGlobalSection
	GlobalSection(ProjectConfigurationPlatforms) = postSolution
		{80343FFC-3815-4BA9-AC7D-E50ABD748807}.Debug|Any CPU.ActiveCfg = Debug|Any CPU
		{80343FFC-3815-4BA9-AC7D-E50ABD748807}.Debug|Any CPU.Build.0 = Debug|Any CPU
		{80343FFC-3815-4BA9-AC7D-E50ABD748807}.Release|Any CPU.ActiveCfg = Release|Any CPU
		{80343FFC-3815-4BA9-AC7D-E50ABD748807}.Release|Any CPU.Build.0 = Release|Any CPU
		{639CADAA-BA38-4F2C-89F8-E34D328F59EB}.Debug|Any CPU.ActiveCfg = Debug|Any CPU
		{639CADAA-BA38-4F2C-89F8-E34D328F59EB}.Debug|Any CPU.Build.0 = Debug|Any CPU
		{639CADAA-BA38-4F2C-89F8-E34D328F59EB}.Release|Any CPU.ActiveCfg = Release|Any CPU
		{639CADAA-BA38-4F2C-89F8-E34D328F59EB}.Release|Any CPU.Build.0 = Release|Any CPU
		{DB15B917-508A-450E-A6C8-AEC6C6B81969}.Debug|Any CPU.ActiveCfg = Debug|Any CPU
		{DB15B917-508A-450E-A6C8-AEC6C6B81969}.Debug|Any CPU.Build.0 = Debug|Any CPU
		{DB15B917-508A-450E-A6C8-AEC6C6B81969}.Release|Any CPU.ActiveCfg = Release|Any CPU
		{DB15B917-508A-450E-A6C8-AEC6C6B81969}.Release|Any CPU.Build.0 = Release|Any CPU
	EndGlobalSection
	GlobalSection(SolutionProperties) = preSolution
		HideSolutionNode = FALSE
	EndGlobalSection
	GlobalSection(NestedProjects) = preSolution
		{639CADAA-BA38-4F2C-89F8-E34D328F59EB} = {60FD140D-FB74-40F1-81AC-406287AC7408}
	EndGlobalSection
EndGlobal
